
Microsoft Visual Studio Solution File, Format Version 11.00
# Visual Studio 2010
Project("{FAE04EC0-301F-11D3-BF4B-00C04F79EFBC}") = "Assembly-CSharp", "Assembly-CSharp.csproj", "{ba9caa88-1195-af0a-34c4-ae4be668663c}"
EndProject
Project("{FAE04EC0-301F-11D3-BF4B-00C04F79EFBC}") = "Assembly-CSharp-Editor", "Assembly-CSharp-Editor.csproj", "{ccfad1fc-ff0c-72df-a0d7-f127312cf3a7}"
EndProject
Global
	GlobalSection(SolutionConfigurationPlatforms) = preSolution
		Debug|Any CPU = Debug|Any CPU
	EndGlobalSection
	GlobalSection(ProjectConfigurationPlatforms) = postSolution
		{ba9caa88-1195-af0a-34c4-ae4be668663c}.Debug|Any CPU.ActiveCfg = Debug|Any CPU
		{ba9caa88-1195-af0a-34c4-ae4be668663c}.Debug|Any CPU.Build.0 = Debug|Any CPU
		{ccfad1fc-ff0c-72df-a0d7-f127312cf3a7}.Debug|Any CPU.ActiveCfg = Debug|Any CPU
		{ccfad1fc-ff0c-72df-a0d7-f127312cf3a7}.Debug|Any CPU.Build.0 = Debug|Any CPU
	EndGlobalSection
	GlobalSection(SolutionProperties) = preSolution
		HideSolutionNode = FALSE
	EndGlobalSection
EndGlobal
